
Microsoft Visual Studio Solution File, Format Version 12.00
# Visual Studio Version 17
VisualStudioVersion = 17.12.35527.113
MinimumVisualStudioVersion = 10.0.40219.1
Project("{888888A0-9F3D-457C-B088-3A5042F75D52}") = "Main.py", "Main.py.pyproj", "{C8D5F246-05F1-4359-BEF5-03FE098599E6}"
EndProject
Project("{2150E333-8FDC-42A3-9474-1A3956D46DE8}") = "Outputs", "Outputs", "{EA5DE5B6-0215-42EC-8F85-A4E97933A709}"
EndProject
Project("{2150E333-8FDC-42A3-9474-1A3956D46DE8}") = "Resources", "Resources", "{1105616F-B3ED-4637-81BB-68FE3D88D251}"
EndProject
Project("{2150E333-8FDC-42A3-9474-1A3956D46DE8}") = "Utils", "Utils", "{81EE444F-2A6D-4B39-97B2-222EAE7D84E0}"
EndProject
Project("{2150E333-8FDC-42A3-9474-1A3956D46DE8}") = "AI Models", "AI Models", "{C07E412E-62A6-464D-8966-49F67A5703A5}"
EndProject
Project("{2150E333-8FDC-42A3-9474-1A3956D46DE8}") = "Workers", "Workers", "{9B7BDB2F-82DA-4F9E-B6B7-E650998ED176}"
EndProject
Project("{2150E333-8FDC-42A3-9474-1A3956D46DE8}") = "AI Models Manager", "AI Models Manager", "{8ADB3CA9-704D-4827-A832-92C64441FF5C}"
EndProject
Project("{2150E333-8FDC-42A3-9474-1A3956D46DE8}") = "Processors", "Processors", "{6F250C43-FE5D-43B3-A601-0998CCEAB56A}"
EndProject
Project("{2150E333-8FDC-42A3-9474-1A3956D46DE8}") = "State", "State", "{34CE7ADA-4B3F-4959-B375-CC0BC01CD438}"
EndProject
Project("{2150E333-8FDC-42A3-9474-1A3956D46DE8}") = "Services", "Services", "{812583D7-8A0E-4DC7-A6C5-708787F42892}"
EndProject
Project("{2150E333-8FDC-42A3-9474-1A3956D46DE8}") = "Controllers", "Controllers", "{F10520DB-405B-4AB2-9FBF-9AFAC08A94B8}"
EndProject
Project("{2150E333-8FDC-42A3-9474-1A3956D46DE8}") = "UI", "UI", "{52282F88-FB62-432F-9D50-E004D66FEC3F}"
EndProject
Project("{2150E333-8FDC-42A3-9474-1A3956D46DE8}") = "dialogs", "dialogs", "{9C7002FA-CFD2-456C-9E3E-F93E060A232E}"
EndProject
Project("{2150E333-8FDC-42A3-9474-1A3956D46DE8}") = "widgets", "widgets", "{12A5CEA3-0DD3-40CA-8CBC-16EA21364C48}"
EndProject
Project("{2150E333-8FDC-42A3-9474-1A3956D46DE8}") = "Classic", "Classic", "{281FAA64-B411-4D03-8DCC-D84CE8E987A8}"
EndProject
Project("{2150E333-8FDC-42A3-9474-1A3956D46DE8}") = "AI", "AI", "{3DEB9559-2F3E-4FD0-919D-5FEA5FCC745D}"
EndProject
Project("{2150E333-8FDC-42A3-9474-1A3956D46DE8}") = "Yolov8", "Yolov8", "{ACCB8D6C-2189-49CD-A35F-D17EA3A2ED95}"
EndProject
Project("{2150E333-8FDC-42A3-9474-1A3956D46DE8}") = "themes", "themes", "{48F9D672-5835-43DD-9D60-C7D973D2D7F3}"
EndProject
Project("{2150E333-8FDC-42A3-9474-1A3956D46DE8}") = "icons", "icons", "{3325AF4B-1680-4BC1-9068-95C42E69507B}"
EndProject
Project("{2150E333-8FDC-42A3-9474-1A3956D46DE8}") = "images", "images", "{756484C2-417F-4F28-B3B6-D053AF7B0EF2}"
EndProject
Project("{2150E333-8FDC-42A3-9474-1A3956D46DE8}") = "fonts", "fonts", "{3C98C798-FADE-40EC-B876-32BEB74DAD21}"
EndProject
Project("{2150E333-8FDC-42A3-9474-1A3956D46DE8}") = "temp", "temp", "{18835193-13A8-4C61-B804-FD4EEB1E1419}"
EndProject
Project("{2150E333-8FDC-42A3-9474-1A3956D46DE8}") = "exports", "exports", "{B58E293B-FE10-4424-8570-ADA06C95A4B3}"
EndProject
Project("{2150E333-8FDC-42A3-9474-1A3956D46DE8}") = "Sam", "Sam", "{039E6DFD-94F1-452C-89A3-3ADEE7BFFE2E}"
EndProject
Project("{2150E333-8FDC-42A3-9474-1A3956D46DE8}") = "Midas", "Midas", "{42BC7AD3-ED5D-459E-84CD-C96A4731EE7A}"
EndProject
Project("{2150E333-8FDC-42A3-9474-1A3956D46DE8}") = "Esrgan", "Esrgan", "{6167D06F-5871-435E-B945-4E0596603C11}"
EndProject
Project("{2150E333-8FDC-42A3-9474-1A3956D46DE8}") = "u2net", "u2net", "{75372426-314B-4043-B0A9-B344BD84C3F2}"
EndProject
Project("{2150E333-8FDC-42A3-9474-1A3956D46DE8}") = "Facemesh", "Facemesh", "{E7905877-06D7-41DE-BF55-BC399662099F}"
EndProject
Project("{2150E333-8FDC-42A3-9474-1A3956D46DE8}") = "Ocr", "Ocr", "{57E8916B-D15E-41B7-9568-5B91DAA93564}"
EndProject
Global
	GlobalSection(SolutionConfigurationPlatforms) = preSolution
		Debug|Any CPU = Debug|Any CPU
		Release|Any CPU = Release|Any CPU
	EndGlobalSection
	GlobalSection(ProjectConfigurationPlatforms) = postSolution
		{C8D5F246-05F1-4359-BEF5-03FE098599E6}.Debug|Any CPU.ActiveCfg = Debug|Any CPU
		{C8D5F246-05F1-4359-BEF5-03FE098599E6}.Release|Any CPU.ActiveCfg = Release|Any CPU
	EndGlobalSection
	GlobalSection(SolutionProperties) = preSolution
		HideSolutionNode = FALSE
	EndGlobalSection
	GlobalSection(NestedProjects) = preSolution
		{9C7002FA-CFD2-456C-9E3E-F93E060A232E} = {52282F88-FB62-432F-9D50-E004D66FEC3F}
		{12A5CEA3-0DD3-40CA-8CBC-16EA21364C48} = {52282F88-FB62-432F-9D50-E004D66FEC3F}
		{281FAA64-B411-4D03-8DCC-D84CE8E987A8} = {6F250C43-FE5D-43B3-A601-0998CCEAB56A}
		{3DEB9559-2F3E-4FD0-919D-5FEA5FCC745D} = {6F250C43-FE5D-43B3-A601-0998CCEAB56A}
		{ACCB8D6C-2189-49CD-A35F-D17EA3A2ED95} = {C07E412E-62A6-464D-8966-49F67A5703A5}
		{48F9D672-5835-43DD-9D60-C7D973D2D7F3} = {1105616F-B3ED-4637-81BB-68FE3D88D251}
		{3325AF4B-1680-4BC1-9068-95C42E69507B} = {1105616F-B3ED-4637-81BB-68FE3D88D251}
		{756484C2-417F-4F28-B3B6-D053AF7B0EF2} = {1105616F-B3ED-4637-81BB-68FE3D88D251}
		{3C98C798-FADE-40EC-B876-32BEB74DAD21} = {1105616F-B3ED-4637-81BB-68FE3D88D251}
		{18835193-13A8-4C61-B804-FD4EEB1E1419} = {EA5DE5B6-0215-42EC-8F85-A4E97933A709}
		{B58E293B-FE10-4424-8570-ADA06C95A4B3} = {EA5DE5B6-0215-42EC-8F85-A4E97933A709}
		{039E6DFD-94F1-452C-89A3-3ADEE7BFFE2E} = {C07E412E-62A6-464D-8966-49F67A5703A5}
		{42BC7AD3-ED5D-459E-84CD-C96A4731EE7A} = {C07E412E-62A6-464D-8966-49F67A5703A5}
		{6167D06F-5871-435E-B945-4E0596603C11} = {C07E412E-62A6-464D-8966-49F67A5703A5}
		{75372426-314B-4043-B0A9-B344BD84C3F2} = {C07E412E-62A6-464D-8966-49F67A5703A5}
		{E7905877-06D7-41DE-BF55-BC399662099F} = {C07E412E-62A6-464D-8966-49F67A5703A5}
		{57E8916B-D15E-41B7-9568-5B91DAA93564} = {C07E412E-62A6-464D-8966-49F67A5703A5}
	EndGlobalSection
EndGlobal
